{
  "projects": [
    {
      "projectId": "seaQhLVS4bbjiGvJJrRwyL",
      "version": "15.0.3",
      "dependencies": {},
      "lang": "ts",
      "fileLocks": [
        {
          "assetId": "seaQhLVS4bbjiGvJJrRwyL",
          "type": "projectCss",
          "checksum": "85f7ca190f576c5a2499623973afb625"
        }
      ]
    },
    {
      "projectId": "kjuFFTSZb8fanzCHT2C1jz",
      "version": "12.2.3",
      "dependencies": {
        "seaQhLVS4bbjiGvJJrRwyL": "15.0.3"
      },
      "lang": "ts",
      "fileLocks": [
        {
          "type": "globalVariant",
          "assetId": "k7xdGnvUtPZ_s",
          "checksum": "6503a2ef25a240caf1a191357be1c8a7"
        },
        {
          "type": "globalVariant",
          "assetId": "9MzawQbD5r",
          "checksum": "89a6ff9d212b05e9b24475a8044b208d"
        },
        {
          "assetId": "kjuFFTSZb8fanzCHT2C1jz",
          "type": "projectCss",
          "checksum": "b707381ed538840705c46fc0544e832f"
        },
        {
          "type": "renderModule",
          "assetId": "5-ThUEPfFc",
          "checksum": "e697bda5fe4196c612a64fca00299e00"
        },
        {
          "type": "cssRules",
          "assetId": "5-ThUEPfFc",
          "checksum": "e697bda5fe4196c612a64fca00299e00"
        },
        {
          "type": "renderModule",
          "assetId": "EDH0JqEGKc",
          "checksum": "590929c0d7b518de778de460bc14446b"
        },
        {
          "type": "cssRules",
          "assetId": "EDH0JqEGKc",
          "checksum": "590929c0d7b518de778de460bc14446b"
        },
        {
          "type": "renderModule",
          "assetId": "jzdXOPDUzV",
          "checksum": "48e8039e54b597d1d71c5977b909c70d"
        },
        {
          "type": "cssRules",
          "assetId": "jzdXOPDUzV",
          "checksum": "48e8039e54b597d1d71c5977b909c70d"
        },
        {
          "type": "renderModule",
          "assetId": "LC6N8oPz6C",
          "checksum": "c64040ddafd7d62feb0e268703794336"
        },
        {
          "type": "cssRules",
          "assetId": "LC6N8oPz6C",
          "checksum": "c64040ddafd7d62feb0e268703794336"
        },
        {
          "type": "renderModule",
          "assetId": "vtgKf8zu4R",
          "checksum": "a4c0b8c59558f79a783a42aaf22b8d5e"
        },
        {
          "type": "cssRules",
          "assetId": "vtgKf8zu4R",
          "checksum": "a4c0b8c59558f79a783a42aaf22b8d5e"
        },
        {
          "type": "renderModule",
          "assetId": "Dh0X1Xu6r0",
          "checksum": "5fd2be67b3c14ad7951426144add193c"
        },
        {
          "type": "cssRules",
          "assetId": "Dh0X1Xu6r0",
          "checksum": "5fd2be67b3c14ad7951426144add193c"
        },
        {
          "type": "renderModule",
          "assetId": "9R5YynM9KVp",
          "checksum": "ee96895d36655b40272eb35166b163f1"
        },
        {
          "type": "cssRules",
          "assetId": "9R5YynM9KVp",
          "checksum": "ee96895d36655b40272eb35166b163f1"
        },
        {
          "type": "renderModule",
          "assetId": "CTFlDz32c2",
          "checksum": "f6522402145c92232b2c612d62b8dad6"
        },
        {
          "type": "cssRules",
          "assetId": "CTFlDz32c2",
          "checksum": "f6522402145c92232b2c612d62b8dad6"
        },
        {
          "type": "renderModule",
          "assetId": "6947fPy0uC",
          "checksum": "06808dd529ba6451a33229ad7b594af6"
        },
        {
          "type": "cssRules",
          "assetId": "6947fPy0uC",
          "checksum": "06808dd529ba6451a33229ad7b594af6"
        },
        {
          "type": "renderModule",
          "assetId": "E_l1hqcHcA",
          "checksum": "ee8137ac06ee5fcb166d79a00db4afb2"
        },
        {
          "type": "cssRules",
          "assetId": "E_l1hqcHcA",
          "checksum": "ee8137ac06ee5fcb166d79a00db4afb2"
        },
        {
          "type": "renderModule",
          "assetId": "SQHouqji3_",
          "checksum": "105530a3669a7fb89436885ad334dbb1"
        },
        {
          "type": "cssRules",
          "assetId": "SQHouqji3_",
          "checksum": "105530a3669a7fb89436885ad334dbb1"
        },
        {
          "type": "renderModule",
          "assetId": "MOwsdKtDW9",
          "checksum": "9e3ea49a54d1f443de4c808b61e98f9d"
        },
        {
          "type": "cssRules",
          "assetId": "MOwsdKtDW9",
          "checksum": "9e3ea49a54d1f443de4c808b61e98f9d"
        },
        {
          "type": "renderModule",
          "assetId": "TcXkT68Mp6",
          "checksum": "d1b376035095d06b1779837880714c64"
        },
        {
          "type": "cssRules",
          "assetId": "TcXkT68Mp6",
          "checksum": "d1b376035095d06b1779837880714c64"
        },
        {
          "type": "renderModule",
          "assetId": "jJwXbiB2Ic",
          "checksum": "f8c009231a8f3c0a488965cb27315b5f"
        },
        {
          "type": "cssRules",
          "assetId": "jJwXbiB2Ic",
          "checksum": "f8c009231a8f3c0a488965cb27315b5f"
        },
        {
          "type": "renderModule",
          "assetId": "KCzdJBxTJE",
          "checksum": "6a96f889660db24fd413bcee7139fd9b"
        },
        {
          "type": "cssRules",
          "assetId": "KCzdJBxTJE",
          "checksum": "6a96f889660db24fd413bcee7139fd9b"
        },
        {
          "type": "renderModule",
          "assetId": "6Zq5_xjO9F",
          "checksum": "68b2dc63abef8c72bc7afc995070a848"
        },
        {
          "type": "cssRules",
          "assetId": "6Zq5_xjO9F",
          "checksum": "68b2dc63abef8c72bc7afc995070a848"
        },
        {
          "type": "renderModule",
          "assetId": "PwVbfz5ruck",
          "checksum": "cb9db163a967513d6633e03b103d5181"
        },
        {
          "type": "cssRules",
          "assetId": "PwVbfz5ruck",
          "checksum": "cb9db163a967513d6633e03b103d5181"
        },
        {
          "type": "renderModule",
          "assetId": "6kW5oz8gIK-",
          "checksum": "e1619b45f0a70bacee5910c129c59222"
        },
        {
          "type": "cssRules",
          "assetId": "6kW5oz8gIK-",
          "checksum": "e1619b45f0a70bacee5910c129c59222"
        },
        {
          "type": "renderModule",
          "assetId": "WzZa1_nedVe",
          "checksum": "342d940aba5902b72b2fc7ba378ebb32"
        },
        {
          "type": "cssRules",
          "assetId": "WzZa1_nedVe",
          "checksum": "342d940aba5902b72b2fc7ba378ebb32"
        },
        {
          "type": "renderModule",
          "assetId": "MEBiyy_4nD",
          "checksum": "120f6d46088f23b6e32285d0595c4ab7"
        },
        {
          "type": "cssRules",
          "assetId": "MEBiyy_4nD",
          "checksum": "120f6d46088f23b6e32285d0595c4ab7"
        },
        {
          "type": "renderModule",
          "assetId": "MaAtk98o9f",
          "checksum": "71835c8b98d904c2e67701103382eccf"
        },
        {
          "type": "cssRules",
          "assetId": "MaAtk98o9f",
          "checksum": "71835c8b98d904c2e67701103382eccf"
        },
        {
          "type": "renderModule",
          "assetId": "ZsmzGgkZw2",
          "checksum": "34cac61ed551f0696e795ac2f77b7e3b"
        },
        {
          "type": "cssRules",
          "assetId": "ZsmzGgkZw2",
          "checksum": "34cac61ed551f0696e795ac2f77b7e3b"
        },
        {
          "type": "renderModule",
          "assetId": "3Qfldk4cSlr",
          "checksum": "e4370dd7bf3e0818c7580f6a3dce1399"
        },
        {
          "type": "cssRules",
          "assetId": "3Qfldk4cSlr",
          "checksum": "e4370dd7bf3e0818c7580f6a3dce1399"
        },
        {
          "type": "renderModule",
          "assetId": "2xJBbfTP-H7",
          "checksum": "cd92139fb97a72fc1e36116de263107d"
        },
        {
          "type": "cssRules",
          "assetId": "2xJBbfTP-H7",
          "checksum": "cd92139fb97a72fc1e36116de263107d"
        },
        {
          "type": "renderModule",
          "assetId": "lJppbKgSOw",
          "checksum": "b55fa915d9f29babdf3e63291d7f88b4"
        },
        {
          "type": "cssRules",
          "assetId": "lJppbKgSOw",
          "checksum": "b55fa915d9f29babdf3e63291d7f88b4"
        },
        {
          "type": "renderModule",
          "assetId": "xiF82lygrKb",
          "checksum": "9c7878646b4de660ed0568b2685d464c"
        },
        {
          "type": "cssRules",
          "assetId": "xiF82lygrKb",
          "checksum": "9c7878646b4de660ed0568b2685d464c"
        },
        {
          "type": "renderModule",
          "assetId": "AapVVGU4iu",
          "checksum": "b9a9610ed59150944e36d48e9005a6e0"
        },
        {
          "type": "cssRules",
          "assetId": "AapVVGU4iu",
          "checksum": "b9a9610ed59150944e36d48e9005a6e0"
        },
        {
          "type": "renderModule",
          "assetId": "0JMC2aEx9m",
          "checksum": "b8eada7e5445640d1026d7737031baca"
        },
        {
          "type": "cssRules",
          "assetId": "0JMC2aEx9m",
          "checksum": "b8eada7e5445640d1026d7737031baca"
        },
        {
          "type": "renderModule",
          "assetId": "Xbdmg_vawY",
          "checksum": "954ebf6cdd1a4dc113c3f0e2b4d67c1b"
        },
        {
          "type": "cssRules",
          "assetId": "Xbdmg_vawY",
          "checksum": "954ebf6cdd1a4dc113c3f0e2b4d67c1b"
        },
        {
          "type": "renderModule",
          "assetId": "DJbGaLTtKAR",
          "checksum": "e5f78b199ffa24dea098b270818ff517"
        },
        {
          "type": "cssRules",
          "assetId": "DJbGaLTtKAR",
          "checksum": "e5f78b199ffa24dea098b270818ff517"
        },
        {
          "type": "renderModule",
          "assetId": "1LCbIKy0Mz",
          "checksum": "808557c0dd6d46d34587b5a9fbfc2560"
        },
        {
          "type": "cssRules",
          "assetId": "1LCbIKy0Mz",
          "checksum": "808557c0dd6d46d34587b5a9fbfc2560"
        },
        {
          "type": "renderModule",
          "assetId": "aD1BzX0TEUk",
          "checksum": "9c04546952a2841f718ba52a1b3a01a7"
        },
        {
          "type": "cssRules",
          "assetId": "aD1BzX0TEUk",
          "checksum": "9c04546952a2841f718ba52a1b3a01a7"
        },
        {
          "type": "renderModule",
          "assetId": "2LcO8okO6S",
          "checksum": "e31a3603e493c1b33cf7b22974fa0f6f"
        },
        {
          "type": "cssRules",
          "assetId": "2LcO8okO6S",
          "checksum": "e31a3603e493c1b33cf7b22974fa0f6f"
        },
        {
          "type": "renderModule",
          "assetId": "qSazSuRq3D",
          "checksum": "936b585bef65609aa4cb008a72058a60"
        },
        {
          "type": "cssRules",
          "assetId": "qSazSuRq3D",
          "checksum": "936b585bef65609aa4cb008a72058a60"
        },
        {
          "type": "renderModule",
          "assetId": "rBgbWjsA0sd",
          "checksum": "be0e4490d3a562e2e84339f12b978998"
        },
        {
          "type": "cssRules",
          "assetId": "rBgbWjsA0sd",
          "checksum": "be0e4490d3a562e2e84339f12b978998"
        },
        {
          "type": "renderModule",
          "assetId": "JF4MWU3g67-",
          "checksum": "d6540196a1385800d7dcbecdeb6db545"
        },
        {
          "type": "cssRules",
          "assetId": "JF4MWU3g67-",
          "checksum": "d6540196a1385800d7dcbecdeb6db545"
        },
        {
          "type": "renderModule",
          "assetId": "SuPOJLymtk7",
          "checksum": "d086d3d3b13f28fdf05a62f98daad941"
        },
        {
          "type": "cssRules",
          "assetId": "SuPOJLymtk7",
          "checksum": "d086d3d3b13f28fdf05a62f98daad941"
        },
        {
          "type": "renderModule",
          "assetId": "JWaK283jnQd",
          "checksum": "caacbd17570946285e08dda67537b3ae"
        },
        {
          "type": "cssRules",
          "assetId": "JWaK283jnQd",
          "checksum": "caacbd17570946285e08dda67537b3ae"
        },
        {
          "type": "renderModule",
          "assetId": "QePfxm7iE7o",
          "checksum": "9623045f57f6edd022a70dadf0ea7337"
        },
        {
          "type": "cssRules",
          "assetId": "QePfxm7iE7o",
          "checksum": "9623045f57f6edd022a70dadf0ea7337"
        },
        {
          "type": "renderModule",
          "assetId": "pDZtEWqRzT",
          "checksum": "db28e860e8011374f70a1b8937c8b929"
        },
        {
          "type": "cssRules",
          "assetId": "pDZtEWqRzT",
          "checksum": "db28e860e8011374f70a1b8937c8b929"
        },
        {
          "type": "renderModule",
          "assetId": "HzhMCW_ztWQ",
          "checksum": "e4351b01d4bff3cc5843e862d062b303"
        },
        {
          "type": "cssRules",
          "assetId": "HzhMCW_ztWQ",
          "checksum": "e4351b01d4bff3cc5843e862d062b303"
        },
        {
          "type": "renderModule",
          "assetId": "CVIy61AA1u",
          "checksum": "57145b5fd787ad3718dfa90ac22f5692"
        },
        {
          "type": "cssRules",
          "assetId": "CVIy61AA1u",
          "checksum": "57145b5fd787ad3718dfa90ac22f5692"
        },
        {
          "type": "renderModule",
          "assetId": "G_9dpcpzVW",
          "checksum": "94d02240cda7e0ce2d062405442f53f9"
        },
        {
          "type": "cssRules",
          "assetId": "G_9dpcpzVW",
          "checksum": "94d02240cda7e0ce2d062405442f53f9"
        },
        {
          "type": "renderModule",
          "assetId": "dxALvsaixcT",
          "checksum": "aa926b901c5b2ad288de626412936d0d"
        },
        {
          "type": "cssRules",
          "assetId": "dxALvsaixcT",
          "checksum": "aa926b901c5b2ad288de626412936d0d"
        },
        {
          "type": "renderModule",
          "assetId": "jlcB8VeL6C_",
          "checksum": "a79cd72a612ebf97eef644890707c851"
        },
        {
          "type": "cssRules",
          "assetId": "jlcB8VeL6C_",
          "checksum": "a79cd72a612ebf97eef644890707c851"
        },
        {
          "type": "renderModule",
          "assetId": "8suVFciYp4t",
          "checksum": "9c5decbec1d9a079f1504e2a9c19ad1b"
        },
        {
          "type": "cssRules",
          "assetId": "8suVFciYp4t",
          "checksum": "9c5decbec1d9a079f1504e2a9c19ad1b"
        },
        {
          "type": "renderModule",
          "assetId": "2Zjr0RrrEeo",
          "checksum": "3f11e2e0e80a53ee9b14f9c0558962f4"
        },
        {
          "type": "cssRules",
          "assetId": "2Zjr0RrrEeo",
          "checksum": "3f11e2e0e80a53ee9b14f9c0558962f4"
        },
        {
          "type": "renderModule",
          "assetId": "2sR5PRkxYAA",
          "checksum": "386a78386ae179b599ea30366bff1675"
        },
        {
          "type": "cssRules",
          "assetId": "2sR5PRkxYAA",
          "checksum": "386a78386ae179b599ea30366bff1675"
        },
        {
          "type": "renderModule",
          "assetId": "ncmAa8DpLu",
          "checksum": "f1e3b4da954dda7229a315dfe336ddeb"
        },
        {
          "type": "cssRules",
          "assetId": "ncmAa8DpLu",
          "checksum": "f1e3b4da954dda7229a315dfe336ddeb"
        },
        {
          "type": "renderModule",
          "assetId": "4hNukt77tQq",
          "checksum": "4e4ed70a560804305c15477f09f24795"
        },
        {
          "type": "cssRules",
          "assetId": "4hNukt77tQq",
          "checksum": "4e4ed70a560804305c15477f09f24795"
        },
        {
          "type": "renderModule",
          "assetId": "QBF7nr-k8Wj",
          "checksum": "c941e719f0afaeaa36d622311b9b53a3"
        },
        {
          "type": "cssRules",
          "assetId": "QBF7nr-k8Wj",
          "checksum": "c941e719f0afaeaa36d622311b9b53a3"
        },
        {
          "type": "renderModule",
          "assetId": "HUUfSMinVuU",
          "checksum": "44b39cb382ad4b6bdddedc9f7369d457"
        },
        {
          "type": "cssRules",
          "assetId": "HUUfSMinVuU",
          "checksum": "44b39cb382ad4b6bdddedc9f7369d457"
        },
        {
          "type": "renderModule",
          "assetId": "fJogwOTVlCE",
          "checksum": "97ea349e43c6b6aa4d1c4bfdb78bcd5f"
        },
        {
          "type": "cssRules",
          "assetId": "fJogwOTVlCE",
          "checksum": "97ea349e43c6b6aa4d1c4bfdb78bcd5f"
        },
        {
          "type": "renderModule",
          "assetId": "vfJVtA9eRVA",
          "checksum": "f8ec4c8a02fabd9aee4227248e218d58"
        },
        {
          "type": "cssRules",
          "assetId": "vfJVtA9eRVA",
          "checksum": "f8ec4c8a02fabd9aee4227248e218d58"
        },
        {
          "type": "renderModule",
          "assetId": "0dGBHkGVkF",
          "checksum": "34126a8217ada458a8cb9e5ce214c9a9"
        },
        {
          "type": "cssRules",
          "assetId": "0dGBHkGVkF",
          "checksum": "34126a8217ada458a8cb9e5ce214c9a9"
        },
        {
          "type": "renderModule",
          "assetId": "4f4Uxz__m0h",
          "checksum": "cba9d142cab9982b2299a56a06a17290"
        },
        {
          "type": "cssRules",
          "assetId": "4f4Uxz__m0h",
          "checksum": "cba9d142cab9982b2299a56a06a17290"
        },
        {
          "type": "renderModule",
          "assetId": "jHFCHH5QQ7K",
          "checksum": "1105be9c0f01138c1b1591979807d51d"
        },
        {
          "type": "cssRules",
          "assetId": "jHFCHH5QQ7K",
          "checksum": "1105be9c0f01138c1b1591979807d51d"
        },
        {
          "type": "icon",
          "assetId": "wTfucAc7Rr",
          "checksum": "5a718eb730a28d2692f45fc9cc0e7343"
        },
        {
          "type": "icon",
          "assetId": "VMSgXilvsf",
          "checksum": "5841bf2932372c18eee5325a6279f684"
        },
        {
          "type": "icon",
          "assetId": "_QBTdEQAzz",
          "checksum": "9bd338a85f59861e7bd473f4d6cccc1c"
        },
        {
          "type": "icon",
          "assetId": "CEtYrZALfu",
          "checksum": "04a55a886ac847d3bfc1b99ffefdb6a8"
        },
        {
          "type": "icon",
          "assetId": "Mj5CsVYcA9",
          "checksum": "5f52e36e9bb1d24317685985881a037b"
        },
        {
          "type": "icon",
          "assetId": "7p8MViVJAB",
          "checksum": "df0fe7ba0bf895c548860fcdc8965d11"
        },
        {
          "type": "icon",
          "assetId": "nEANI2ubBB",
          "checksum": "28855fa81357ad444e6aa22718f86ee5"
        },
        {
          "type": "icon",
          "assetId": "f4GO4W3yZm",
          "checksum": "c30e9cd8f64835f6afd34161c612776a"
        },
        {
          "type": "icon",
          "assetId": "j57_wDEs9S",
          "checksum": "8fde49bd22bce1375773dbcbaeb9c7ab"
        },
        {
          "type": "icon",
          "assetId": "4WWM9dCuzI",
          "checksum": "8186f90f8cb52c9210a0d91ad6843ffd"
        },
        {
          "type": "icon",
          "assetId": "D95fuAr7gP",
          "checksum": "e88e8eaa1ba3e0d0846d0e466b1d47b0"
        },
        {
          "type": "icon",
          "assetId": "mrC2Ljeqti",
          "checksum": "2d163f83ed54bcf49da12a779a79de08"
        },
        {
          "type": "icon",
          "assetId": "CyAK3Gjxwu",
          "checksum": "e7ab47eede60bd42bc7e4a5ccd7e1da5"
        },
        {
          "type": "icon",
          "assetId": "dU5ansm0Xg",
          "checksum": "73b04bf939b3a08c574379cf81c6948a"
        },
        {
          "type": "icon",
          "assetId": "OsdZlmfSEe",
          "checksum": "3720abb7f3976be8137c60f22d67424d"
        },
        {
          "type": "icon",
          "assetId": "oGKOpvo0ll",
          "checksum": "80fb047f8322dbe44dcb18079e8f0812"
        },
        {
          "type": "icon",
          "assetId": "oElPELm1et",
          "checksum": "c52c314f07a28804e40a693c7ef50797"
        },
        {
          "type": "icon",
          "assetId": "qrdgDrcfzD",
          "checksum": "c8d9e86916580684e17117c6700dc23e"
        },
        {
          "type": "icon",
          "assetId": "ymoKOCfuo-",
          "checksum": "90783383497956e6a080287917cd099f"
        },
        {
          "type": "icon",
          "assetId": "YhhYiXTtXT",
          "checksum": "39ab21c923ffe87319871057902c8d34"
        },
        {
          "type": "icon",
          "assetId": "d8TOpAp1CP",
          "checksum": "599752e108fc6ba9751d0eb0aefedec6"
        },
        {
          "type": "icon",
          "assetId": "5amV9exkN9",
          "checksum": "96470b1e937e6cddbff054d06cb221f9"
        },
        {
          "type": "icon",
          "assetId": "rP3WBmFG-e",
          "checksum": "2e20920a9712b9810380c8d7e15dc211"
        },
        {
          "type": "icon",
          "assetId": "Qm3zx5PVC",
          "checksum": "71d009ec2317ae19f6d2696809bfaa16"
        },
        {
          "type": "icon",
          "assetId": "gZDZDs61W-",
          "checksum": "693b6f5068e0e5bb9972428b3861e392"
        },
        {
          "type": "icon",
          "assetId": "pxV85ZZQvi",
          "checksum": "8f18a11c3ea62e51afee65475de0034b"
        },
        {
          "type": "icon",
          "assetId": "E2O_OGnBZf",
          "checksum": "81f99430db9c715f755b5648f56b8df7"
        },
        {
          "type": "icon",
          "assetId": "UIRIe6a68A",
          "checksum": "2c31a90a3bf50dd1b10a87b8037208fe"
        },
        {
          "type": "icon",
          "assetId": "VwsBlWFPux",
          "checksum": "af274a11204ea21e017afad86d2534a3"
        },
        {
          "type": "icon",
          "assetId": "4AIkExQxz",
          "checksum": "081cac690efb8ea3c2731e3b2410c6d1"
        },
        {
          "type": "icon",
          "assetId": "CbfsWz2JkE",
          "checksum": "16b438f7439cf778bdd7332a61847184"
        },
        {
          "type": "icon",
          "assetId": "bi_8qGOLhg",
          "checksum": "d0ee049f03342d3d80f5c1d412820fe0"
        },
        {
          "type": "icon",
          "assetId": "V9OFkmlcnz",
          "checksum": "7d451f3b86c4909ca9d41634f8b5dc7f"
        },
        {
          "type": "icon",
          "assetId": "bXLmcsbn-z",
          "checksum": "3461ffa0e48a38b7a25fd77e90f017fb"
        },
        {
          "type": "icon",
          "assetId": "T8joG3yRTH",
          "checksum": "0032d305146c6fd7afb2da1a03f03466"
        },
        {
          "type": "icon",
          "assetId": "USRi-J1iAV",
          "checksum": "c4013f22d2e91eef95a2bb53d377d75f"
        },
        {
          "type": "icon",
          "assetId": "GXuSKq-oqJ",
          "checksum": "f3954b9956ea3ef56f67ccfac6f56d82"
        },
        {
          "type": "icon",
          "assetId": "SCO2nowOyF",
          "checksum": "0de77054b039f797f2ecaade65b1355a"
        },
        {
          "type": "image",
          "assetId": "EPGPLj8R6N",
          "checksum": "93a776a5daa701fa888a1d1dd922b12b"
        },
        {
          "type": "image",
          "assetId": "UYaJ8Iid3m",
          "checksum": "9579e8704ee76a6a0ac3b5c557784b68"
        },
        {
          "type": "image",
          "assetId": "X_7NFtHNX",
          "checksum": "2fc65505c1292927b8b5a1e6ccff8c02"
        },
        {
          "type": "image",
          "assetId": "7HJPr710dt",
          "checksum": "9fd36c9d837a047b11fc4c583dc547c8"
        },
        {
          "type": "image",
          "assetId": "xOaQbmepj8",
          "checksum": "0fa7acd87c170db8f0c96641550618dc"
        },
        {
          "type": "image",
          "assetId": "XhUnce3xk-",
          "checksum": "26d49edf1bc4cf805c75f9b4813b4065"
        },
        {
          "type": "image",
          "assetId": "ZK4QPLv_Js",
          "checksum": "00611244d028f186b31c0a9bc8df43c5"
        },
        {
          "type": "image",
          "assetId": "rU1g-d3eNw",
          "checksum": "d45a2029ed9a25382b35a0beea1630ba"
        },
        {
          "type": "image",
          "assetId": "jEB6FWUqh2",
          "checksum": "a7a1ca9e973ef1283ada2910354ff964"
        },
        {
          "type": "image",
          "assetId": "YE53p_epLv",
          "checksum": "b44b29d9ac231d30219874a8c8b92215"
        },
        {
          "type": "image",
          "assetId": "SuzPKCmZFZ",
          "checksum": "9d068469fa7abafac079351571859007"
        },
        {
          "type": "image",
          "assetId": "PJOPGNVZ-6",
          "checksum": "501827d6eed7e62b19b59408c4d1a760"
        },
        {
          "type": "image",
          "assetId": "04YO870mHJ",
          "checksum": "675a162f5958a6b62f92dbdba93c7af2"
        },
        {
          "type": "image",
          "assetId": "CMH2DF62HJ",
          "checksum": "482d1c42b910e76f6b870d6ae44a7dcd"
        },
        {
          "type": "image",
          "assetId": "C1Emdq7mU7",
          "checksum": "a199f15f9db45aefcefb88e3dbe1c0de"
        },
        {
          "type": "image",
          "assetId": "mZuhoXM_N",
          "checksum": "f6a29a5b2aa76e5cdf00e88c8a8ebb32"
        },
        {
          "type": "image",
          "assetId": "otjSZETYH",
          "checksum": "5572f6f5f1745e2c904e0e6330b8d82c"
        },
        {
          "type": "image",
          "assetId": "OswZQdidC",
          "checksum": "d8ecb2bc7f04a1ef8820e6df2da832e5"
        },
        {
          "type": "image",
          "assetId": "sQFudTnc2",
          "checksum": "6f5493e44aaf3952dbf71c2846a5d3ce"
        },
        {
          "type": "image",
          "assetId": "Y1uxSbPn1",
          "checksum": "7dd4ad05659249f8f4bb7536171f3db1"
        },
        {
          "type": "image",
          "assetId": "j3B0JfVAV",
          "checksum": "6446f21db27092c47b95d6381b385ed4"
        },
        {
          "type": "image",
          "assetId": "lzSJdD5rG",
          "checksum": "53eff06d633671e27f6cb10f2369a5a8"
        },
        {
          "type": "image",
          "assetId": "2_DqtGXsD",
          "checksum": "884719b6450473b9627078ab004609c4"
        },
        {
          "type": "image",
          "assetId": "a0XqR1rmO",
          "checksum": "b8ac9d465fd02a69ed6500b7b3ec5f85"
        },
        {
          "type": "image",
          "assetId": "CGjd_wD3lc",
          "checksum": "1f81cf0e8246d2e09773e6fa00d28384"
        },
        {
          "type": "image",
          "assetId": "ejT54-AB5",
          "checksum": "7b47aec89888d160131ae13e38bb0704"
        },
        {
          "type": "image",
          "assetId": "U_7c_gaQy",
          "checksum": "21aa2dba7e49f27adb7346a2d628da43"
        },
        {
          "type": "image",
          "assetId": "VvWfewPgF",
          "checksum": "ed12844869bb439df327afcedf05d692"
        },
        {
          "type": "image",
          "assetId": "tueIhGKhL",
          "checksum": "ca88a011e08392f1ee9636f3f934b8a0"
        },
        {
          "type": "image",
          "assetId": "3GGD3CMMI",
          "checksum": "7637aa9f70af0e4282919c40e50c9a39"
        },
        {
          "type": "image",
          "assetId": "Dqmr3K45D",
          "checksum": "958f03d7fa7ac7388a27db6df45a172a"
        },
        {
          "type": "image",
          "assetId": "yEtbjfyJ0",
          "checksum": "5a7fd0e1f5df526b5db031a557d92eeb"
        },
        {
          "type": "image",
          "assetId": "sd8fqsUf_",
          "checksum": "eca488ddb73b03df0a3519bd262f3895"
        },
        {
          "type": "image",
          "assetId": "brkhP7iR0",
          "checksum": "2072e3181f2e25bf65bc98003bac7718"
        },
        {
          "type": "image",
          "assetId": "jukHnjBM2",
          "checksum": "e920e976fc0d5ed7544da6713f547779"
        },
        {
          "type": "image",
          "assetId": "G5jsDdQkx",
          "checksum": "598bc7e6fa83f5452cd97f356f101784"
        },
        {
          "type": "image",
          "assetId": "9uio4NrWB",
          "checksum": "cff770858fe1733ce82f252c1fbd1fc5"
        },
        {
          "type": "image",
          "assetId": "0CMsqtag4",
          "checksum": "7f2d73efa9c3c1a810dbb31cb1a4711c"
        },
        {
          "type": "image",
          "assetId": "WlKI1l4eq",
          "checksum": "dbcdb1f631a5f1cd86cadd7cbd13f9b2"
        },
        {
          "type": "image",
          "assetId": "1qXLsp3Gl",
          "checksum": "5a94e89a73a2286abf97c9cb03ef0d53"
        },
        {
          "type": "image",
          "assetId": "FgP-35c5m",
          "checksum": "d9b838af656658deef13ac7d3fcf62f3"
        },
        {
          "type": "image",
          "assetId": "RtBuhLfpe",
          "checksum": "f04abab98abc945c24bf0d34548095ff"
        },
        {
          "type": "image",
          "assetId": "Q8dsR1Ya3",
          "checksum": "5bf2821a735811da44d81088c09d7729"
        },
        {
          "type": "image",
          "assetId": "mQOptpUsmZ",
          "checksum": "2538769d9576a386c5c7f83a1cf4ef62"
        },
        {
          "type": "image",
          "assetId": "4XNgS0YKP",
          "checksum": "2244f6d3fd8ab4322d6909c4c3ef616f"
        },
        {
          "type": "image",
          "assetId": "pGoZ-z6Ey",
          "checksum": "01ce89fb9dbe41eaf84c3691ac37e3a6"
        },
        {
          "type": "image",
          "assetId": "fyeMYI6Nk",
          "checksum": "97c28228238d41ceec4534b1bce1ea9d"
        },
        {
          "type": "image",
          "assetId": "VWPTvMyfj",
          "checksum": "ee2bd31360e29b3a1923a4945f89fde8"
        },
        {
          "type": "image",
          "assetId": "HKXEI5cPu",
          "checksum": "56cdd2320d5b3923ca5c8dada5b3a960"
        },
        {
          "type": "image",
          "assetId": "xlpa8IjYv",
          "checksum": "60c797347481f16bb79277d360db1b14"
        },
        {
          "type": "image",
          "assetId": "2Xmo-UlGL",
          "checksum": "bbb0896186f8dc94d13b4ff5bc31b558"
        },
        {
          "type": "image",
          "assetId": "cZnS6zLBf",
          "checksum": "f3d7cad1d2564c3eefd17e4bf83cf785"
        },
        {
          "type": "image",
          "assetId": "Zfpl2p14L",
          "checksum": "0a0204b424c11e9580fde4ca67a567f3"
        },
        {
          "type": "image",
          "assetId": "z7Q0WZtnF",
          "checksum": "8e0f080973b1f9b20069aa316bd6b5fe"
        },
        {
          "type": "image",
          "assetId": "MV-iw252s",
          "checksum": "c3e47e2cfcedbfbe4e95d53ecbc18b18"
        },
        {
          "type": "image",
          "assetId": "S6uJdcNII",
          "checksum": "7b4c45301cd870e37e3872c42fe307c6"
        },
        {
          "type": "image",
          "assetId": "TK5CdJRND",
          "checksum": "5044aa741eda94afbc0cdf275d174441"
        },
        {
          "type": "image",
          "assetId": "wcC-99HXh",
          "checksum": "2ba743bb3db28b5d08f9942b6d7f0272"
        },
        {
          "type": "image",
          "assetId": "wV9tHJz5J",
          "checksum": "b926b3a05f3fece11a73d306a84410c0"
        },
        {
          "type": "image",
          "assetId": "nsQNwrjDr",
          "checksum": "9eaf982cec835a423fc9e6c36cafed8a"
        },
        {
          "type": "image",
          "assetId": "LFnfKPfDu",
          "checksum": "4e171743090d031c03cefa038237eb29"
        },
        {
          "type": "image",
          "assetId": "UHUHDEvxd",
          "checksum": "69e36cf988e9363986f1fe9e8182b728"
        },
        {
          "type": "image",
          "assetId": "xN0RWJvWh",
          "checksum": "2f3186f31ceb027039ebe001bb117338"
        },
        {
          "type": "image",
          "assetId": "WiXT2gdxg",
          "checksum": "adf75555ddccf7135cecc518de247895"
        },
        {
          "type": "image",
          "assetId": "Eo7OkfnBA",
          "checksum": "1958e0a034910520a40f506758c52c6a"
        },
        {
          "type": "image",
          "assetId": "XdyayxrS3",
          "checksum": "f1c938e8ad335d3f8f7affd7cb961abd"
        },
        {
          "type": "image",
          "assetId": "xNo-AkG0e",
          "checksum": "0b8abf04b1840c91b1e19c4806d15cfc"
        },
        {
          "type": "image",
          "assetId": "62muS6d2Y",
          "checksum": "ccce6ad0be8e7d31a01554386932fe63"
        },
        {
          "type": "image",
          "assetId": "ccufmIpOC",
          "checksum": "375b7c5582aa2a2114424631fc32a72b"
        },
        {
          "type": "image",
          "assetId": "IzzEtRVSd",
          "checksum": "c2d9f210689d41fde56b38ad1e58ff90"
        },
        {
          "type": "image",
          "assetId": "EnzpsZnNo",
          "checksum": "13d6e93d5da27043b8f2d0cdcab3dc53"
        },
        {
          "type": "image",
          "assetId": "Dn5S8JL7H",
          "checksum": "878465310d6a52f3f2b89254a6d4aaaa"
        },
        {
          "type": "image",
          "assetId": "dHsf7IqGN",
          "checksum": "3f762ca2ba07a6697aab12e140ea5d20"
        },
        {
          "type": "image",
          "assetId": "wzezUzTfU",
          "checksum": "ca8cfe572a9c7ca7562be8a515fb6410"
        },
        {
          "type": "image",
          "assetId": "5xxeDTi_2",
          "checksum": "9c3d4e6885bc5803b787395110b91ba0"
        },
        {
          "type": "image",
          "assetId": "Y1cLdtC5p",
          "checksum": "cea6cded322c8a7f9c75f9be07e09421"
        },
        {
          "type": "image",
          "assetId": "MdyXN0Auz",
          "checksum": "9452f547e046fc663b9721a0295f971c"
        },
        {
          "type": "image",
          "assetId": "QIfl4TWQ0H",
          "checksum": "502be5f073e490efd77a15336d066f88"
        },
        {
          "type": "image",
          "assetId": "A-oIKPBDT",
          "checksum": "eb1a04c5f5b43d86f28c9cbfd61452c6"
        },
        {
          "type": "image",
          "assetId": "I6avqNVfS",
          "checksum": "e868ea60492eb385f7b69d62c09c8029"
        },
        {
          "type": "image",
          "assetId": "UrlN9ysec",
          "checksum": "2797fcd2237ebcebd792823e147ee6d7"
        },
        {
          "type": "image",
          "assetId": "2sfmJNIzu",
          "checksum": "fb1d2cc1c07062e9e54ea374d4b04c2f"
        },
        {
          "type": "image",
          "assetId": "u1TABRso4",
          "checksum": "556cdb8f93d900ecb0483f4b5b573211"
        },
        {
          "type": "image",
          "assetId": "v53izh8NN",
          "checksum": "e9db281b490010cab390906b168fadc4"
        },
        {
          "type": "image",
          "assetId": "MLv4cVE6I",
          "checksum": "539f09176d185172e4125474af5ff597"
        },
        {
          "type": "image",
          "assetId": "AVfwvYTPK",
          "checksum": "b9edff91c16e6715bc278217ba99bef5"
        },
        {
          "type": "image",
          "assetId": "CTc2zXw-o",
          "checksum": "cbea2e7c1d9d2d48bad45a7e5e241d54"
        },
        {
          "type": "image",
          "assetId": "lGgH04dpV",
          "checksum": "b1e7b2a3b8569a3f75dac7e3e0be049b"
        },
        {
          "type": "image",
          "assetId": "ctJJRhQOmF",
          "checksum": "ac902fc1b1389b6ce35c7cfb941b198f"
        },
        {
          "type": "image",
          "assetId": "b7PoB4e6bJ",
          "checksum": "5b55a896509c394524b3a7707e20f745"
        },
        {
          "type": "image",
          "assetId": "OrsonFC2Xn",
          "checksum": "48294e24f6f0151b610eef45668e99e0"
        },
        {
          "type": "image",
          "assetId": "w6uRsnNOr",
          "checksum": "ee0d50fd0c8d69a89a48e280d3d602f1"
        },
        {
          "type": "image",
          "assetId": "Bv8hQepak",
          "checksum": "db8b832daab732d6d964820af5b3994c"
        },
        {
          "type": "image",
          "assetId": "bTphux_km",
          "checksum": "97bc2a56ca17a13d45dc7b3b64972542"
        },
        {
          "type": "image",
          "assetId": "fSL2-scVK",
          "checksum": "cb0f0e27a05633ef65fc573e2dfb1670"
        },
        {
          "type": "image",
          "assetId": "PdvRG1ivM",
          "checksum": "b8d01178ccb657fdf2d6306eaa754c2d"
        },
        {
          "type": "image",
          "assetId": "Usyfh-QIW",
          "checksum": "fa871f6e2524d9470b02cfcc70c1cd20"
        },
        {
          "type": "image",
          "assetId": "Xq_49R9cf",
          "checksum": "6f5c97a5cabad2775d98f0e748ff6759"
        },
        {
          "type": "image",
          "assetId": "4_x_YUBSU",
          "checksum": "eeddc6a8b92d55e49298baf6b507cebb"
        },
        {
          "type": "image",
          "assetId": "lreVgxzrC",
          "checksum": "5745eb270ca0edfb565e00adb2666a3e"
        },
        {
          "type": "image",
          "assetId": "KWEWI51i9",
          "checksum": "51b23bda60b620ed7646471d7a83d3c0"
        },
        {
          "type": "image",
          "assetId": "FFo6q3mln",
          "checksum": "154bc8d21c28daf3c613fe097f4ddf78"
        },
        {
          "type": "image",
          "assetId": "BSuh69SwM",
          "checksum": "24882ecfc97680fdba8753a64fb7e7d5"
        },
        {
          "type": "image",
          "assetId": "8t6tyW2SN",
          "checksum": "9b68bb57845ca0e6cce2d955b2dd8dc4"
        },
        {
          "type": "image",
          "assetId": "WTvOXGb6b",
          "checksum": "936e1066c9af2931eaf9edf488f346d5"
        },
        {
          "type": "image",
          "assetId": "K6rrS2dFZ",
          "checksum": "74a3fc8bb24d0807f2bd1b61767bb206"
        },
        {
          "type": "image",
          "assetId": "Xl_ZeK5Zq",
          "checksum": "3a560b9aea00c4bfa89e0983d3e29ed9"
        },
        {
          "type": "image",
          "assetId": "QZwEvhzU2",
          "checksum": "37dcdd0f6752fdd30c8d9308868fd693"
        },
        {
          "type": "image",
          "assetId": "yHAqCT9Pm",
          "checksum": "371bab3a400ef1cb6b1015ddbaebc3bb"
        },
        {
          "type": "image",
          "assetId": "j6-2r3WfF",
          "checksum": "60a8f597598ec8bd85403526ec344884"
        },
        {
          "type": "image",
          "assetId": "9KjKXf8aA",
          "checksum": "ab660fe28280750859a7d1a5795e7b54"
        },
        {
          "type": "image",
          "assetId": "lYItEpXgS",
          "checksum": "46c530ac44c0d0094774735b5c9f2937"
        },
        {
          "type": "image",
          "assetId": "_G6dF9FdL",
          "checksum": "8f47eb089fe3458648fe5ba95777d8ac"
        },
        {
          "type": "image",
          "assetId": "fyKJL3owe",
          "checksum": "5672cef05d00bb9905b028bfdbe08064"
        },
        {
          "type": "image",
          "assetId": "KCxujGJaO",
          "checksum": "d2d989a5ded9222bca600b38f7ed73a0"
        },
        {
          "type": "image",
          "assetId": "zvTNx6qJy",
          "checksum": "8cfb2fb457573f3bc0dbe8ec17e9c292"
        },
        {
          "type": "image",
          "assetId": "q5HyGrQzo",
          "checksum": "edeb920ddeb81863a65087faa8e27912"
        },
        {
          "type": "image",
          "assetId": "FRccJnohF",
          "checksum": "cd165dcb70514364dce3267584572997"
        },
        {
          "type": "image",
          "assetId": "UVDBPWNKV",
          "checksum": "74d0ab289832d0d9d55c4f209cd06e89"
        },
        {
          "type": "image",
          "assetId": "OmM_OZNfL",
          "checksum": "3fac2cef6bc538977bffef821427b8c6"
        },
        {
          "type": "image",
          "assetId": "INz8QmFvF",
          "checksum": "3d77dbba54ceb10d80022f910b3723f5"
        },
        {
          "type": "image",
          "assetId": "ijfr7qQeh",
          "checksum": "c2b53be494fc364c68c37b0e903d96b1"
        }
      ]
    },
    {
      "projectId": "ahDbvP3tQbz5L86vvqnDB6",
      "version": "latest",
      "dependencies": {
        "kjuFFTSZb8fanzCHT2C1jz": "12.2.3",
        "seaQhLVS4bbjiGvJJrRwyL": "15.0.3"
      },
      "lang": "ts",
      "fileLocks": [
        {
          "type": "globalVariant",
          "assetId": "XKozue_V53A-If",
          "checksum": "f2db7cefe042e894991c1362a1c2f6ac"
        },
        {
          "assetId": "ahDbvP3tQbz5L86vvqnDB6",
          "type": "projectCss",
          "checksum": "291b5314a61801d8f302a0bed1ca5d3b"
        },
        {
          "type": "renderModule",
          "assetId": "bYYOrCUz3HJWa",
          "checksum": "ae632871884fbb6a67f5e950e6b4560e"
        },
        {
          "type": "cssRules",
          "assetId": "bYYOrCUz3HJWa",
          "checksum": "ae632871884fbb6a67f5e950e6b4560e"
        },
        {
          "type": "renderModule",
          "assetId": "PQbQ-icWs9nU4",
          "checksum": "2a20f66aeb9f4ad9d8ea19c654aff288"
        },
        {
          "type": "cssRules",
          "assetId": "PQbQ-icWs9nU4",
          "checksum": "2a20f66aeb9f4ad9d8ea19c654aff288"
        },
        {
          "type": "renderModule",
          "assetId": "94-lZb0fjQQyA",
          "checksum": "c9ebed4bedb1aaa97fae22a8c4193f71"
        },
        {
          "type": "cssRules",
          "assetId": "94-lZb0fjQQyA",
          "checksum": "c9ebed4bedb1aaa97fae22a8c4193f71"
        },
        {
          "type": "renderModule",
          "assetId": "kDH3QFcb1WFI2",
          "checksum": "9ce7546bba1c25749f5b129fcc8c84b2"
        },
        {
          "type": "cssRules",
          "assetId": "kDH3QFcb1WFI2",
          "checksum": "9ce7546bba1c25749f5b129fcc8c84b2"
        },
        {
          "type": "renderModule",
          "assetId": "7ZT2NcqqvK1V8",
          "checksum": "5f40d690b256380031adeaab84035321"
        },
        {
          "type": "cssRules",
          "assetId": "7ZT2NcqqvK1V8",
          "checksum": "5f40d690b256380031adeaab84035321"
        },
        {
          "type": "renderModule",
          "assetId": "wEWSJEhTAb3Ve8",
          "checksum": "68a130311f857d10cf1b68aa2ae70b6f"
        },
        {
          "type": "cssRules",
          "assetId": "wEWSJEhTAb3Ve8",
          "checksum": "68a130311f857d10cf1b68aa2ae70b6f"
        },
        {
          "type": "renderModule",
          "assetId": "YTZT_Z7X4eZqJo",
          "checksum": "e7fd95a10bac2bf2f984ce64d7352ae3"
        },
        {
          "type": "cssRules",
          "assetId": "YTZT_Z7X4eZqJo",
          "checksum": "e7fd95a10bac2bf2f984ce64d7352ae3"
        },
        {
          "type": "renderModule",
          "assetId": "iytKPQ2Dha4EM_",
          "checksum": "e1f39aadce3af31b3d0730bc064dae55"
        },
        {
          "type": "cssRules",
          "assetId": "iytKPQ2Dha4EM_",
          "checksum": "e1f39aadce3af31b3d0730bc064dae55"
        },
        {
          "type": "renderModule",
          "assetId": "X-r_77142RXggy",
          "checksum": "a5fd1c212c2a91afa06cf45d566ab064"
        },
        {
          "type": "cssRules",
          "assetId": "X-r_77142RXggy",
          "checksum": "a5fd1c212c2a91afa06cf45d566ab064"
        },
        {
          "type": "renderModule",
          "assetId": "rBU-OOpjazHTmC",
          "checksum": "fc30bd2f9938af767f31dcccc4ac9e60"
        },
        {
          "type": "cssRules",
          "assetId": "rBU-OOpjazHTmC",
          "checksum": "fc30bd2f9938af767f31dcccc4ac9e60"
        },
        {
          "type": "renderModule",
          "assetId": "0CBsYTIv2rqb5s",
          "checksum": "3d196ee81baece4d8ac412885395e0fe"
        },
        {
          "type": "cssRules",
          "assetId": "0CBsYTIv2rqb5s",
          "checksum": "3d196ee81baece4d8ac412885395e0fe"
        },
        {
          "type": "icon",
          "assetId": "8NcmlLcsoVK5be",
          "checksum": "bb061470cc95200af9c3d74cbd9722c6"
        },
        {
          "type": "icon",
          "assetId": "mcVB8NpbDSzc_5",
          "checksum": "9405abd773519833596e31d322b4c29a"
        },
        {
          "type": "icon",
          "assetId": "8SafvFIcyC-6nl",
          "checksum": "a5dc3b04aa49564339240203ebad95df"
        },
        {
          "type": "icon",
          "assetId": "aUptDMAvdZIZeC",
          "checksum": "dd30ce7023a8ffb04a1a175930bcd654"
        },
        {
          "type": "image",
          "assetId": "0gb9w4LAu535PD",
          "checksum": "4e9b8b9722ef1da72546fe5903e8e6a4"
        },
        {
          "type": "image",
          "assetId": "YntC9RVOX-0RO8",
          "checksum": "3c82ebd318bcb64992d76fd8c7ac4439"
        },
        {
          "type": "image",
          "assetId": "90je-tZIOKuGrS",
          "checksum": "d0ce933c77c413df423c53d3f504634a"
        },
        {
          "type": "image",
          "assetId": "BPHFBxxAG1eHNd",
          "checksum": "c6d444f30ea058cdb5c324db3df35beb"
        },
        {
          "type": "image",
          "assetId": "c44fy5CN0dIJ6a",
          "checksum": "aef669fb6536fbf6a77d441d301ffeaa"
        },
        {
          "type": "image",
          "assetId": "bZGe1W3S8UhL1c",
          "checksum": "2618f06a5740a2329784878a0ad1b24a"
        },
        {
          "type": "image",
          "assetId": "IWMdx-U8DOJUhC",
          "checksum": "3b5fb340b96278d6a3509cbcebd06095"
        },
        {
          "type": "image",
          "assetId": "SR99ZJ1z_3G9Yj",
          "checksum": "6e99efccedc199bdb35aebb5b942f62b"
        },
        {
          "type": "image",
          "assetId": "aZkjyXHBgVUc9U",
          "checksum": "a9968d5b7005ed756444b33740847673"
        },
        {
          "type": "image",
          "assetId": "DdoEcBxUeRe34O",
          "checksum": "396c9db9a83775d87d65c5571b217d20"
        },
        {
          "type": "image",
          "assetId": "PBfpodtpIdmkH3",
          "checksum": "9c4d37439789218f53245194b9144a76"
        },
        {
          "type": "image",
          "assetId": "4X8AkLDKSNNN3t",
          "checksum": "43298a8155a2f52df326bedcb10cfb77"
        },
        {
          "type": "image",
          "assetId": "Mj-wgC3frx4Wse",
          "checksum": "e8d29c09ebc4930402d24170e30df501"
        },
        {
          "type": "image",
          "assetId": "-KelElE7bNg5t0",
          "checksum": "62fca0141c931c0cc71789513b34719a"
        },
        {
          "type": "image",
          "assetId": "14v5EadAaRPkmx",
          "checksum": "83e95fc39b1e187f2b0c6daf0c090162"
        }
      ]
    }
  ],
  "cliVersion": "0.1.157"
}
